// !$*UTF8*$!
{
	archiveVersion = 1;
	classes = {
	};
	objectVersion = 55;
	objects = {

/* Begin PBXBuildFile section */
		3AD27D54274F78BA00E3E808 /* AppDelegate.swift in Sources */ = {isa = PBXBuildFile; fileRef = 3AD27D53274F78BA00E3E808 /* AppDelegate.swift */; };
		3AD27D56274F78BA00E3E808 /* SceneDelegate.swift in Sources */ = {isa = PBXBuildFile; fileRef = 3AD27D55274F78BA00E3E808 /* SceneDelegate.swift */; };
		3AD27D58274F78BA00E3E808 /* ViewController.swift in Sources */ = {isa = PBXBuildFile; fileRef = 3AD27D57274F78BA00E3E808 /* ViewController.swift */; };
		3AD27D5B274F78BA00E3E808 /* Main.storyboard in Resources */ = {isa = PBXBuildFile; fileRef = 3AD27D59274F78BA00E3E808 /* Main.storyboard */; };
		3AD27D5D274F78BB00E3E808 /* Assets.xcassets in Resources */ = {isa = PBXBuildFile; fileRef = 3AD27D5C274F78BB00E3E808 /* Assets.xcassets */; };
		3AD27D60274F78BB00E3E808 /* LaunchScreen.storyboard in Resources */ = {isa = PBXBuildFile; fileRef = 3AD27D5E274F78BB00E3E808 /* LaunchScreen.storyboard */; };
		3AD27D6B274F78BC00E3E808 /* iOS_QuizTests.swift in Sources */ = {isa = PBXBuildFile; fileRef = 3AD27D6A274F78BC00E3E808 /* iOS_QuizTests.swift */; };
		3AD27D75274F78BC00E3E808 /* iOS_QuizUITests.swift in Sources */ = {isa = PBXBuildFile; fileRef = 3AD27D74274F78BC00E3E808 /* iOS_QuizUITests.swift */; };
		3AD27D77274F78BC00E3E808 /* iOS_QuizUITestsLaunchTests.swift in Sources */ = {isa = PBXBuildFile; fileRef = 3AD27D76274F78BC00E3E808 /* iOS_QuizUITestsLaunchTests.swift */; };
/* End PBXBuildFile section */

/* Begin PBXContainerItemProxy section */
		3AD27D67274F78BC00E3E808 /* PBXContainerItemProxy */ = {
			isa = PBXContainerItemProxy;
			containerPortal = 3AD27D48274F78BA00E3E808 /* Project object */;
			proxyType = 1;
			remoteGlobalIDString = 3AD27D4F274F78BA00E3E808;
			remoteInfo = "iOS Quiz";
		};
		3AD27D71274F78BC00E3E808 /* PBXContainerItemProxy */ = {
			isa = PBXContainerItemProxy;
			containerPortal = 3AD27D48274F78BA00E3E808 /* Project object */;
			proxyType = 1;
			remoteGlobalIDString = 3AD27D4F274F78BA00E3E808;
			remoteInfo = "iOS Quiz";
		};
/* End PBXContainerItemProxy section */

/* Begin PBXFileReference section */
		3AD27D50274F78BA00E3E808 /* iOS Quiz.app */ = {isa = PBXFileReference; explicitFileType = wrapper.application; includeInIndex = 0; path = "iOS Quiz.app"; sourceTree = BUILT_PRODUCTS_DIR; };
		3AD27D53274F78BA00E3E808 /* AppDelegate.swift */ = {isa = PBXFileReference; lastKnownFileType = sourcecode.swift; path = AppDelegate.swift; sourceTree = "<group>"; };
		3AD27D55274F78BA00E3E808 /* SceneDelegate.swift */ = {isa = PBXFileReference; lastKnownFileType = sourcecode.swift; path = SceneDelegate.swift; sourceTree = "<group>"; };
		3AD27D57274F78BA00E3E808 /* ViewController.swift */ = {isa = PBXFileReference; lastKnownFileType = sourcecode.swift; path = ViewController.swift; sourceTree = "<group>"; };
		3AD27D5A274F78BA00E3E808 /* Base */ = {isa = PBXFileReference; lastKnownFileType = file.storyboard; name = Base; path = Base.lproj/Main.storyboard; sourceTree = "<group>"; };
		3AD27D5C274F78BB00E3E808 /* Assets.xcassets */ = {isa = PBXFileReference; lastKnownFileType = folder.assetcatalog; path = Assets.xcassets; sourceTree = "<group>"; };
		3AD27D5F274F78BB00E3E808 /* Base */ = {isa = PBXFileReference; lastKnownFileType = file.storyboard; name = Base; path = Base.lproj/LaunchScreen.storyboard; sourceTree = "<group>"; };
		3AD27D61274F78BB00E3E808 /* Info.plist */ = {isa = PBXFileReference; lastKnownFileType = text.plist.xml; path = Info.plist; sourceTree = "<group>"; };
		3AD27D66274F78BC00E3E808 /* iOS QuizTests.xctest */ = {isa = PBXFileReference; explicitFileType = wrapper.cfbundle; includeInIndex = 0; path = "iOS QuizTests.xctest"; sourceTree = BUILT_PRODUCTS_DIR; };
		3AD27D6A274F78BC00E3E808 /* iOS_QuizTests.swift */ = {isa = PBXFileReference; lastKnownFileType = sourcecode.swift; path = iOS_QuizTests.swift; sourceTree = "<group>"; };
		3AD27D70274F78BC00E3E808 /* iOS QuizUITests.xctest */ = {isa = PBXFileReference; explicitFileType = wrapper.cfbundle; includeInIndex = 0; path = "iOS QuizUITests.xctest"; sourceTree = BUILT_PRODUCTS_DIR; };
		3AD27D74274F78BC00E3E808 /* iOS_QuizUITests.swift */ = {isa = PBXFileReference; lastKnownFileType = sourcecode.swift; path = iOS_QuizUITests.swift; sourceTree = "<group>"; };
		3AD27D76274F78BC00E3E808 /* iOS_QuizUITestsLaunchTests.swift */ = {isa = PBXFileReference; lastKnownFileType = sourcecode.swift; path = iOS_QuizUITestsLaunchTests.swift; sourceTree = "<group>"; };
/* End PBXFileReference section */

/* Begin PBXFrameworksBuildPhase section */
		3AD27D4D274F78BA00E3E808 /* Frameworks */ = {
			isa = PBXFrameworksBuildPhase;
			buildActionMask = 2147483647;
			files = (
			);
			runOnlyForDeploymentPostprocessing = 0;
		};
		3AD27D63274F78BC00E3E808 /* Frameworks */ = {
			isa = PBXFrameworksBuildPhase;
			buildActionMask = 2147483647;
			files = (
			);
			runOnlyForDeploymentPostprocessing = 0;
		};
		3AD27D6D274F78BC00E3E808 /* Frameworks */ = {
			isa = PBXFrameworksBuildPhase;
			buildActionMask = 2147483647;
			files = (
			);
			runOnlyForDeploymentPostprocessing = 0;
		};
/* End PBXFrameworksBuildPhase section */

/* Begin PBXGroup section */
		3AD27D47274F78BA00E3E808 = {
			isa = PBXGroup;
			children = (
				3AD27D52274F78BA00E3E808 /* iOS Quiz */,
				3AD27D69274F78BC00E3E808 /* iOS QuizTests */,
				3AD27D73274F78BC00E3E808 /* iOS QuizUITests */,
				3AD27D51274F78BA00E3E808 /* Products */,
			);
			sourceTree = "<group>";
		};
		3AD27D51274F78BA00E3E808 /* Products */ = {
			isa = PBXGroup;
			children = (
				3AD27D50274F78BA00E3E808 /* iOS Quiz.app */,
				3AD27D66274F78BC00E3E808 /* iOS QuizTests.xctest */,
				3AD27D70274F78BC00E3E808 /* iOS QuizUITests.xctest */,
			);
			name = Products;
			sourceTree = "<group>";
		};
		3AD27D52274F78BA00E3E808 /* iOS Quiz */ = {
			isa = PBXGroup;
			children = (
				3AD27D53274F78BA00E3E808 /* AppDelegate.swift */,
				3AD27D55274F78BA00E3E808 /* SceneDelegate.swift */,
				3AD27D57274F78BA00E3E808 /* ViewController.swift */,
				3AD27D59274F78BA00E3E808 /* Main.storyboard */,
				3AD27D5C274F78BB00E3E808 /* Assets.xcassets */,
				3AD27D5E274F78BB00E3E808 /* LaunchScreen.storyboard */,
				3AD27D61274F78BB00E3E808 /* Info.plist */,
			);
			path = "iOS Quiz";
			sourceTree = "<group>";
		};
		3AD27D69274F78BC00E3E808 /* iOS QuizTests */ = {
			isa = PBXGroup;
			children = (
				3AD27D6A274F78BC00E3E808 /* iOS_QuizTests.swift */,
			);
			path = "iOS QuizTests";
			sourceTree = "<group>";
		};
		3AD27D73274F78BC00E3E808 /* iOS QuizUITests */ = {
			isa = PBXGroup;
			children = (
				3AD27D74274F78BC00E3E808 /* iOS_QuizUITests.swift */,
				3AD27D76274F78BC00E3E808 /* iOS_QuizUITestsLaunchTests.swift */,
			);
			path = "iOS QuizUITests";
			sourceTree = "<group>";
		};
/* End PBXGroup section */

/* Begin PBXNativeTarget section */
		3AD27D4F274F78BA00E3E808 /* iOS Quiz */ = {
			isa = PBXNativeTarget;
			buildConfigurationList = 3AD27D7A274F78BC00E3E808 /* Build configuration list for PBXNativeTarget "iOS Quiz" */;
			buildPhases = (
				3AD27D4C274F78BA00E3E808 /* Sources */,
				3AD27D4D274F78BA00E3E808 /* Frameworks */,
				3AD27D4E274F78BA00E3E808 /* Resources */,
			);
			buildRules = (
			);
			dependencies = (
			);
			name = "iOS Quiz";
			productName = "iOS Quiz";
			productReference = 3AD27D50274F78BA00E3E808 /* iOS Quiz.app */;
			productType = "com.apple.product-type.application";
		};
		3AD27D65274F78BC00E3E808 /* iOS QuizTests */ = {
			isa = PBXNativeTarget;
			buildConfigurationList = 3AD27D7D274F78BC00E3E808 /* Build configuration list for PBXNativeTarget "iOS QuizTests" */;
			buildPhases = (
				3AD27D62274F78BC00E3E808 /* Sources */,
				3AD27D63274F78BC00E3E808 /* Frameworks */,
				3AD27D64274F78BC00E3E808 /* Resources */,
			);
			buildRules = (
			);
			dependencies = (
				3AD27D68274F78BC00E3E808 /* PBXTargetDependency */,
			);
			name = "iOS QuizTests";
			productName = "iOS QuizTests";
			productReference = 3AD27D66274F78BC00E3E808 /* iOS QuizTests.xctest */;
			productType = "com.apple.product-type.bundle.unit-test";
		};
		3AD27D6F274F78BC00E3E808 /* iOS QuizUITests */ = {
			isa = PBXNativeTarget;
			buildConfigurationList = 3AD27D80274F78BC00E3E808 /* Build configuration list for PBXNativeTarget "iOS QuizUITests" */;
			buildPhases = (
				3AD27D6C274F78BC00E3E808 /* Sources */,
				3AD27D6D274F78BC00E3E808 /* Frameworks */,
				3AD27D6E274F78BC00E3E808 /* Resources */,
			);
			buildRules = (
			);
			dependencies = (
				3AD27D72274F78BC00E3E808 /* PBXTargetDependency */,
			);
			name = "iOS QuizUITests";
			productName = "iOS QuizUITests";
			productReference = 3AD27D70274F78BC00E3E808 /* iOS QuizUITests.xctest */;
			productType = "com.apple.product-type.bundle.ui-testing";
		};
/* End PBXNativeTarget section */

/* Begin PBXProject section */
		3AD27D48274F78BA00E3E808 /* Project object */ = {
			isa = PBXProject;
			attributes = {
				BuildIndependentTargetsInParallel = 1;
				LastSwiftUpdateCheck = 1310;
				LastUpgradeCheck = 1310;
				TargetAttributes = {
					3AD27D4F274F78BA00E3E808 = {
						CreatedOnToolsVersion = 13.1;
					};
					3AD27D65274F78BC00E3E808 = {
						CreatedOnToolsVersion = 13.1;
						TestTargetID = 3AD27D4F274F78BA00E3E808;
					};
					3AD27D6F274F78BC00E3E808 = {
						CreatedOnToolsVersion = 13.1;
						TestTargetID = 3AD27D4F274F78BA00E3E808;
					};
				};
			};
			buildConfigurationList = 3AD27D4B274F78BA00E3E808 /* Build configuration list for PBXProject "iOS Quiz" */;
			compatibilityVersion = "Xcode 13.0";
			developmentRegion = en;
			hasScannedForEncodings = 0;
			knownRegions = (
				en,
				Base,
			);
			mainGroup = 3AD27D47274F78BA00E3E808;
			productRefGroup = 3AD27D51274F78BA00E3E808 /* Products */;
			projectDirPath = "";
			projectRoot = "";
			targets = (
				3AD27D4F274F78BA00E3E808 /* iOS Quiz */,
				3AD27D65274F78BC00E3E808 /* iOS QuizTests */,
				3AD27D6F274F78BC00E3E808 /* iOS QuizUITests */,
			);
		};
/* End PBXProject section */

/* Begin PBXResourcesBuildPhase section */
		3AD27D4E274F78BA00E3E808 /* Resources */ = {
			isa = PBXResourcesBuildPhase;
			buildActionMask = 2147483647;
			files = (
				3AD27D60274F78BB00E3E808 /* LaunchScreen.storyboard in Resources */,
				3AD27D5D274F78BB00E3E808 /* Assets.xcassets in Resources */,
				3AD27D5B274F78BA00E3E808 /* Main.storyboard in Resources */,
			);
			runOnlyForDeploymentPostprocessing = 0;
		};
		3AD27D64274F78BC00E3E808 /* Resources */ = {
			isa = PBXResourcesBuildPhase;
			buildActionMask = 2147483647;
			files = (
			);
			runOnlyForDeploymentPostprocessing = 0;
		};
		3AD27D6E274F78BC00E3E808 /* Resources */ = {
			isa = PBXResourcesBuildPhase;
			buildActionMask = 2147483647;
			files = (
			);
			runOnlyForDeploymentPostprocessing = 0;
		};
/* End PBXResourcesBuildPhase section */

/* Begin PBXSourcesBuildPhase section */
		3AD27D4C274F78BA00E3E808 /* Sources */ = {
			isa = PBXSourcesBuildPhase;
			buildActionMask = 2147483647;
			files = (
				3AD27D58274F78BA00E3E808 /* ViewController.swift in Sources */,
				3AD27D54274F78BA00E3E808 /* AppDelegate.swift in Sources */,
				3AD27D56274F78BA00E3E808 /* SceneDelegate.swift in Sources */,
			);
			runOnlyForDeploymentPostprocessing = 0;
		};
		3AD27D62274F78BC00E3E808 /* Sources */ = {
			isa = PBXSourcesBuildPhase;
			buildActionMask = 2147483647;
			files = (
				3AD27D6B274F78BC00E3E808 /* iOS_QuizTests.swift in Sources */,
			);
			runOnlyForDeploymentPostprocessing = 0;
		};
		3AD27D6C274F78BC00E3E808 /* Sources */ = {
			isa = PBXSourcesBuildPhase;
			buildActionMask = 2147483647;
			files = (
				3AD27D77274F78BC00E3E808 /* iOS_QuizUITestsLaunchTests.swift in Sources */,
				3AD27D75274F78BC00E3E808 /* iOS_QuizUITests.swift in Sources */,
			);
			runOnlyForDeploymentPostprocessing = 0;
		};
/* End PBXSourcesBuildPhase section */

/* Begin PBXTargetDependency section */
		3AD27D68274F78BC00E3E808 /* PBXTargetDependency */ = {
			isa = PBXTargetDependency;
			target = 3AD27D4F274F78BA00E3E808 /* iOS Quiz */;
			targetProxy = 3AD27D67274F78BC00E3E808 /* PBXContainerItemProxy */;
		};
		3AD27D72274F78BC00E3E808 /* PBXTargetDependency */ = {
			isa = PBXTargetDependency;
			target = 3AD27D4F274F78BA00E3E808 /* iOS Quiz */;
			targetProxy = 3AD27D71274F78BC00E3E808 /* PBXContainerItemProxy */;
		};
/* End PBXTargetDependency section */

/* Begin PBXVariantGroup section */
		3AD27D59274F78BA00E3E808 /* Main.storyboard */ = {
			isa = PBXVariantGroup;
			children = (
				3AD27D5A274F78BA00E3E808 /* Base */,
			);
			name = Main.storyboard;
			sourceTree = "<group>";
		};
		3AD27D5E274F78BB00E3E808 /* LaunchScreen.storyboard */ = {
			isa = PBXVariantGroup;
			children = (
				3AD27D5F274F78BB00E3E808 /* Base */,
			);
			name = LaunchScreen.storyboard;
			sourceTree = "<group>";
		};
/* End PBXVariantGroup section */

/* Begin XCBuildConfiguration section */
		3AD27D78274F78BC00E3E808 /* Debug */ = {
			isa = XCBuildConfiguration;
			buildSettings = {
				ALWAYS_SEARCH_USER_PATHS = NO;
				CLANG_ANALYZER_NONNULL = YES;
				CLANG_ANALYZER_NUMBER_OBJECT_CONVERSION = YES_AGGRESSIVE;
				CLANG_CXX_LANGUAGE_STANDARD = "gnu++17";
				CLANG_CXX_LIBRARY = "libc++";
				CLANG_ENABLE_MODULES = YES;
				CLANG_ENABLE_OBJC_ARC = YES;
				CLANG_ENABLE_OBJC_WEAK = YES;
				CLANG_WARN_BLOCK_CAPTURE_AUTORELEASING = YES;
				CLANG_WARN_BOOL_CONVERSION = YES;
				CLANG_WARN_COMMA = YES;
				CLANG_WARN_CONSTANT_CONVERSION = YES;
				CLANG_WARN_DEPRECATED_OBJC_IMPLEMENTATIONS = YES;
				CLANG_WARN_DIRECT_OBJC_ISA_USAGE = YES_ERROR;
				CLANG_WARN_DOCUMENTATION_COMMENTS = YES;
				CLANG_WARN_EMPTY_BODY = YES;
				CLANG_WARN_ENUM_CONVERSION = YES;
				CLANG_WARN_INFINITE_RECURSION = YES;
				CLANG_WARN_INT_CONVERSION = YES;
				CLANG_WARN_NON_LITERAL_NULL_CONVERSION = YES;
				CLANG_WARN_OBJC_IMPLICIT_RETAIN_SELF = YES;
				CLANG_WARN_OBJC_LITERAL_CONVERSION = YES;
				CLANG_WARN_OBJC_ROOT_CLASS = YES_ERROR;
				CLANG_WARN_QUOTED_INCLUDE_IN_FRAMEWORK_HEADER = YES;
				CLANG_WARN_RANGE_LOOP_ANALYSIS = YES;
				CLANG_WARN_STRICT_PROTOTYPES = YES;
				CLANG_WARN_SUSPICIOUS_MOVE = YES;
				CLANG_WARN_UNGUARDED_AVAILABILITY = YES_AGGRESSIVE;
				CLANG_WARN_UNREACHABLE_CODE = YES;
				CLANG_WARN__DUPLICATE_METHOD_MATCH = YES;
				COPY_PHASE_STRIP = NO;
				DEBUG_INFORMATION_FORMAT = dwarf;
				ENABLE_STRICT_OBJC_MSGSEND = YES;
				ENABLE_TESTABILITY = YES;
				GCC_C_LANGUAGE_STANDARD = gnu11;
				GCC_DYNAMIC_NO_PIC = NO;
				GCC_NO_COMMON_BLOCKS = YES;
				GCC_OPTIMIZATION_LEVEL = 0;
				GCC_PREPROCESSOR_DEFINITIONS = (
					"DEBUG=1",
					"$(inherited)",
				);
				GCC_WARN_64_TO_32_BIT_CONVERSION = YES;
				GCC_WARN_ABOUT_RETURN_TYPE = YES_ERROR;
				GCC_WARN_UNDECLARED_SELECTOR = YES;
				GCC_WARN_UNINITIALIZED_AUTOS = YES_AGGRESSIVE;
				GCC_WARN_UNUSED_FUNCTION = YES;
				GCC_WARN_UNUSED_VARIABLE = YES;
				IPHONEOS_DEPLOYMENT_TARGET = 15.0;
				MTL_ENABLE_DEBUG_INFO = INCLUDE_SOURCE;
				MTL_FAST_MATH = YES;
				ONLY_ACTIVE_ARCH = YES;
				SDKROOT = iphoneos;
				SWIFT_ACTIVE_COMPILATION_CONDITIONS = DEBUG;
				SWIFT_OPTIMIZATION_LEVEL = "-Onone";
			};
			name = Debug;
		};
		3AD27D79274F78BC00E3E808 /* Release */ = {
			isa = XCBuildConfiguration;
			buildSettings = {
				ALWAYS_SEARCH_USER_PATHS = NO;
				CLANG_ANALYZER_NONNULL = YES;
				CLANG_ANALYZER_NUMBER_OBJECT_CONVERSION = YES_AGGRESSIVE;
				CLANG_CXX_LANGUAGE_STANDARD = "gnu++17";
				CLANG_CXX_LIBRARY = "libc++";
				CLANG_ENABLE_MODULES = YES;
				CLANG_ENABLE_OBJC_ARC = YES;
				CLANG_ENABLE_OBJC_WEAK = YES;
				CLANG_WARN_BLOCK_CAPTURE_AUTORELEASING = YES;
				CLANG_WARN_BOOL_CONVERSION = YES;
				CLANG_WARN_COMMA = YES;
				CLANG_WARN_CONSTANT_CONVERSION = YES;
				CLANG_WARN_DEPRECATED_OBJC_IMPLEMENTATIONS = YES;
				CLANG_WARN_DIRECT_OBJC_ISA_USAGE = YES_ERROR;
				CLANG_WARN_DOCUMENTATION_COMMENTS = YES;
				CLANG_WARN_EMPTY_BODY = YES;
				CLANG_WARN_ENUM_CONVERSION = YES;
				CLANG_WARN_INFINITE_RECURSION = YES;
				CLANG_WARN_INT_CONVERSION = YES;
				CLANG_WARN_NON_LITERAL_NULL_CONVERSION = YES;
				CLANG_WARN_OBJC_IMPLICIT_RETAIN_SELF = YES;
				CLANG_WARN_OBJC_LITERAL_CONVERSION = YES;
				CLANG_WARN_OBJC_ROOT_CLASS = YES_ERROR;
				CLANG_WARN_QUOTED_INCLUDE_IN_FRAMEWORK_HEADER = YES;
				CLANG_WARN_RANGE_LOOP_ANALYSIS = YES;
				CLANG_WARN_STRICT_PROTOTYPES = YES;
				CLANG_WARN_SUSPICIOUS_MOVE = YES;
				CLANG_WARN_UNGUARDED_AVAILABILITY = YES_AGGRESSIVE;
				CLANG_WARN_UNREACHABLE_CODE = YES;
				CLANG_WARN__DUPLICATE_METHOD_MATCH = YES;
				COPY_PHASE_STRIP = NO;
				DEBUG_INFORMATION_FORMAT = "dwarf-with-dsym";
				ENABLE_NS_ASSERTIONS = NO;
				ENABLE_STRICT_OBJC_MSGSEND = YES;
				GCC_C_LANGUAGE_STANDARD = gnu11;
				GCC_NO_COMMON_BLOCKS = YES;
				GCC_WARN_64_TO_32_BIT_CONVERSION = YES;
				GCC_WARN_ABOUT_RETURN_TYPE = YES_ERROR;
				GCC_WARN_UNDECLARED_SELECTOR = YES;
				GCC_WARN_UNINITIALIZED_AUTOS = YES_AGGRESSIVE;
				GCC_WARN_UNUSED_FUNCTION = YES;
				GCC_WARN_UNUSED_VARIABLE = YES;
				IPHONEOS_DEPLOYMENT_TARGET = 15.0;
				MTL_ENABLE_DEBUG_INFO = NO;
				MTL_FAST_MATH = YES;
				SDKROOT = iphoneos;
				SWIFT_COMPILATION_MODE = wholemodule;
				SWIFT_OPTIMIZATION_LEVEL = "-O";
				VALIDATE_PRODUCT = YES;
			};
			name = Release;
		};
		3AD27D7B274F78BC00E3E808 /* Debug */ = {
			isa = XCBuildConfiguration;
			buildSettings = {
				ASSETCATALOG_COMPILER_APPICON_NAME = AppIcon;
				ASSETCATALOG_COMPILER_GLOBAL_ACCENT_COLOR_NAME = AccentColor;
				CODE_SIGN_STYLE = Automatic;
				CURRENT_PROJECT_VERSION = 1;
				GENERATE_INFOPLIST_FILE = YES;
				INFOPLIST_FILE = "iOS Quiz/Info.plist";
				INFOPLIST_KEY_UIApplicationSupportsIndirectInputEvents = YES;
				INFOPLIST_KEY_UILaunchStoryboardName = LaunchScreen;
				INFOPLIST_KEY_UIMainStoryboardFile = Main;
				INFOPLIST_KEY_UISupportedInterfaceOrientations_iPad = "UIInterfaceOrientationPortrait UIInterfaceOrientationPortraitUpsideDown UIInterfaceOrientationLandscapeLeft UIInterfaceOrientationLandscapeRight";
				INFOPLIST_KEY_UISupportedInterfaceOrientations_iPhone = "UIInterfaceOrientationPortrait UIInterfaceOrientationLandscapeLeft UIInterfaceOrientationLandscapeRight";
				LD_RUNPATH_SEARCH_PATHS = (
					"$(inherited)",
					"@executable_path/Frameworks",
				);
				MARKETING_VERSION = 1.0;
				PRODUCT_BUNDLE_IDENTIFIER = "faisal.iOS-Quiz";
				PRODUCT_NAME = "$(TARGET_NAME)";
				SWIFT_EMIT_LOC_STRINGS = YES;
				SWIFT_VERSION = 5.0;
				TARGETED_DEVICE_FAMILY = "1,2";
			};
			name = Debug;
		};
		3AD27D7C274F78BC00E3E808 /* Release */ = {
			isa = XCBuildConfiguration;
			buildSettings = {
				ASSETCATALOG_COMPILER_APPICON_NAME = AppIcon;
				ASSETCATALOG_COMPILER_GLOBAL_ACCENT_COLOR_NAME = AccentColor;
				CODE_SIGN_STYLE = Automatic;
				CURRENT_PROJECT_VERSION = 1;
				GENERATE_INFOPLIST_FILE = YES;
				INFOPLIST_FILE = "iOS Quiz/Info.plist";
				INFOPLIST_KEY_UIApplicationSupportsIndirectInputEvents = YES;
				INFOPLIST_KEY_UILaunchStoryboardName = LaunchScreen;
				INFOPLIST_KEY_UIMainStoryboardFile = Main;
				INFOPLIST_KEY_UISupportedInterfaceOrientations_iPad = "UIInterfaceOrientationPortrait UIInterfaceOrientationPortraitUpsideDown UIInterfaceOrientationLandscapeLeft UIInterfaceOrientationLandscapeRight";
				INFOPLIST_KEY_UISupportedInterfaceOrientations_iPhone = "UIInterfaceOrientationPortrait UIInterfaceOrientationLandscapeLeft UIInterfaceOrientationLandscapeRight";
				LD_RUNPATH_SEARCH_PATHS = (
					"$(inherited)",
					"@executable_path/Frameworks",
				);
				MARKETING_VERSION = 1.0;
				PRODUCT_BUNDLE_IDENTIFIER = "faisal.iOS-Quiz";
				PRODUCT_NAME = "$(TARGET_NAME)";
				SWIFT_EMIT_LOC_STRINGS = YES;
				SWIFT_VERSION = 5.0;
				TARGETED_DEVICE_FAMILY = "1,2";
			};
			name = Release;
		};
		3AD27D7E274F78BC00E3E808 /* Debug */ = {
			isa = XCBuildConfiguration;
			buildSettings = {
				ALWAYS_EMBED_SWIFT_STANDARD_LIBRARIES = YES;
				BUNDLE_LOADER = "$(TEST_HOST)";
				CODE_SIGN_STYLE = Automatic;
				CURRENT_PROJECT_VERSION = 1;
				GENERATE_INFOPLIST_FILE = YES;
				IPHONEOS_DEPLOYMENT_TARGET = 15.0;
				LD_RUNPATH_SEARCH_PATHS = (
					"$(inherited)",
					"@executable_path/Frameworks",
					"@loader_path/Frameworks",
				);
				MARKETING_VERSION = 1.0;
				PRODUCT_BUNDLE_IDENTIFIER = "faisal.iOS-QuizTests";
				PRODUCT_NAME = "$(TARGET_NAME)";
				SWIFT_EMIT_LOC_STRINGS = NO;
				SWIFT_VERSION = 5.0;
				TARGETED_DEVICE_FAMILY = "1,2";
				TEST_HOST = "$(BUILT_PRODUCTS_DIR)/iOS Quiz.app/iOS Quiz";
			};
			name = Debug;
		};
		3AD27D7F274F78BC00E3E808 /* Release */ = {
			isa = XCBuildConfiguration;
			buildSettings = {
				ALWAYS_EMBED_SWIFT_STANDARD_LIBRARIES = YES;
				BUNDLE_LOADER = "$(TEST_HOST)";
				CODE_SIGN_STYLE = Automatic;
				CURRENT_PROJECT_VERSION = 1;
				GENERATE_INFOPLIST_FILE = YES;
				IPHONEOS_DEPLOYMENT_TARGET = 15.0;
				LD_RUNPATH_SEARCH_PATHS = (
					"$(inherited)",
					"@executable_path/Frameworks",
					"@loader_path/Frameworks",
				);
				MARKETING_VERSION = 1.0;
				PRODUCT_BUNDLE_IDENTIFIER = "faisal.iOS-QuizTests";
				PRODUCT_NAME = "$(TARGET_NAME)";
				SWIFT_EMIT_LOC_STRINGS = NO;
				SWIFT_VERSION = 5.0;
				TARGETED_DEVICE_FAMILY = "1,2";
				TEST_HOST = "$(BUILT_PRODUCTS_DIR)/iOS Quiz.app/iOS Quiz";
			};
			name = Release;
		};
		3AD27D81274F78BC00E3E808 /* Debug */ = {
			isa = XCBuildConfiguration;
			buildSettings = {
				ALWAYS_EMBED_SWIFT_STANDARD_LIBRARIES = YES;
				CODE_SIGN_STYLE = Automatic;
				CURRENT_PROJECT_VERSION = 1;
				GENERATE_INFOPLIST_FILE = YES;
				LD_RUNPATH_SEARCH_PATHS = (
					"$(inherited)",
					"@executable_path/Frameworks",
					"@loader_path/Frameworks",
				);
				MARKETING_VERSION = 1.0;
				PRODUCT_BUNDLE_IDENTIFIER = "faisal.iOS-QuizUITests";
				PRODUCT_NAME = "$(TARGET_NAME)";
				SWIFT_EMIT_LOC_STRINGS = NO;
				SWIFT_VERSION = 5.0;
				TARGETED_DEVICE_FAMILY = "1,2";
				TEST_TARGET_NAME = "iOS Quiz";
			};
			name = Debug;
		};
		3AD27D82274F78BC00E3E808 /* Release */ = {
			isa = XCBuildConfiguration;
			buildSettings = {
				ALWAYS_EMBED_SWIFT_STANDARD_LIBRARIES = YES;
				CODE_SIGN_STYLE = Automatic;
				CURRENT_PROJECT_VERSION = 1;
				GENERATE_INFOPLIST_FILE = YES;
				LD_RUNPATH_SEARCH_PATHS = (
					"$(inherited)",
					"@executable_path/Frameworks",
					"@loader_path/Frameworks",
				);
				MARKETING_VERSION = 1.0;
				PRODUCT_BUNDLE_IDENTIFIER = "faisal.iOS-QuizUITests";
				PRODUCT_NAME = "$(TARGET_NAME)";
				SWIFT_EMIT_LOC_STRINGS = NO;
				SWIFT_VERSION = 5.0;
				TARGETED_DEVICE_FAMILY = "1,2";
				TEST_TARGET_NAME = "iOS Quiz";
			};
			name = Release;
		};
/* End XCBuildConfiguration section */

/* Begin XCConfigurationList section */
		3AD27D4B274F78BA00E3E808 /* Build configuration list for PBXProject "iOS Quiz" */ = {
			isa = XCConfigurationList;
			buildConfigurations = (
				3AD27D78274F78BC00E3E808 /* Debug */,
				3AD27D79274F78BC00E3E808 /* Release */,
			);
			defaultConfigurationIsVisible = 0;
			defaultConfigurationName = Release;
		};
		3AD27D7A274F78BC00E3E808 /* Build configuration list for PBXNativeTarget "iOS Quiz" */ = {
			isa = XCConfigurationList;
			buildConfigurations = (
				3AD27D7B274F78BC00E3E808 /* Debug */,
				3AD27D7C274F78BC00E3E808 /* Release */,
			);
			defaultConfigurationIsVisible = 0;
			defaultConfigurationName = Release;
		};
		3AD27D7D274F78BC00E3E808 /* Build configuration list for PBXNativeTarget "iOS QuizTests" */ = {
			isa = XCConfigurationList;
			buildConfigurations = (
				3AD27D7E274F78BC00E3E808 /* Debug */,
				3AD27D7F274F78BC00E3E808 /* Release */,
			);
			defaultConfigurationIsVisible = 0;
			defaultConfigurationName = Release;
		};
		3AD27D80274F78BC00E3E808 /* Build configuration list for PBXNativeTarget "iOS QuizUITests" */ = {
			isa = XCConfigurationList;
			buildConfigurations = (
				3AD27D81274F78BC00E3E808 /* Debug */,
				3AD27D82274F78BC00E3E808 /* Release */,
			);
			defaultConfigurationIsVisible = 0;
			defaultConfigurationName = Release;
		};
/* End XCConfigurationList section */
	};
	rootObject = 3AD27D48274F78BA00E3E808 /* Project object */;
}
